
Microsoft Visual Studio Solution File, Format Version 12.00
# Visual Studio Version 16
VisualStudioVersion = 16.0.31702.278
MinimumVisualStudioVersion = 10.0.40219.1
Project("{FAE04EC0-301F-11D3-BF4B-00C04F79EFBC}") = "Task7.1", "Task7\Task7.1.csproj", "{3A9B01D1-6597-445C-A455-CD445ECEE6F5}"
EndProject
Project("{FAE04EC0-301F-11D3-BF4B-00C04F79EFBC}") = "Task7.2", "Task7.2\Task7.2.csproj", "{2EE0A8A6-3565-413E-B1F4-BD3B1E7858B1}"
EndProject
Global
	GlobalSection(SolutionConfigurationPlatforms) = preSolution
		Debug|Any CPU = Debug|Any CPU
		Release|Any CPU = Release|Any CPU
	EndGlobalSection
	GlobalSection(ProjectConfigurationPlatforms) = postSolution
		{3A9B01D1-6597-445C-A455-CD445ECEE6F5}.Debug|Any CPU.ActiveCfg = Debug|Any CPU
		{3A9B01D1-6597-445C-A455-CD445ECEE6F5}.Debug|Any CPU.Build.0 = Debug|Any CPU
		{3A9B01D1-6597-445C-A455-CD445ECEE6F5}.Release|Any CPU.ActiveCfg = Release|Any CPU
		{3A9B01D1-6597-445C-A455-CD445ECEE6F5}.Release|Any CPU.Build.0 = Release|Any CPU
		{2EE0A8A6-3565-413E-B1F4-BD3B1E7858B1}.Debug|Any CPU.ActiveCfg = Debug|Any CPU
		{2EE0A8A6-3565-413E-B1F4-BD3B1E7858B1}.Debug|Any CPU.Build.0 = Debug|Any CPU
		{2EE0A8A6-3565-413E-B1F4-BD3B1E7858B1}.Release|Any CPU.ActiveCfg = Release|Any CPU
		{2EE0A8A6-3565-413E-B1F4-BD3B1E7858B1}.Release|Any CPU.Build.0 = Release|Any CPU
	EndGlobalSection
	GlobalSection(SolutionProperties) = preSolution
		HideSolutionNode = FALSE
	EndGlobalSection
	GlobalSection(ExtensibilityGlobals) = postSolution
		SolutionGuid = {B6BC25CD-838C-4606-BB6A-CFB6D0A7170E}
	EndGlobalSection
EndGlobal
